
Microsoft Visual Studio Solution File, Format Version 12.00
# Visual Studio 15
VisualStudioVersion = 15.0.28307.168
MinimumVisualStudioVersion = 10.0.40219.1
Project("{FAE04EC0-301F-11D3-BF4B-00C04F79EFBC}") = "ExemploHeranca", "ExemploHeranca\ExemploHeranca.csproj", "{8EE05B02-F08A-4E8E-83EA-5C6048B91758}"
EndProject
Global
	GlobalSection(SolutionConfigurationPlatforms) = preSolution
		Debug|Any CPU = Debug|Any CPU
		Release|Any CPU = Release|Any CPU
	EndGlobalSection
	GlobalSection(ProjectConfigurationPlatforms) = postSolution
		{8EE05B02-F08A-4E8E-83EA-5C6048B91758}.Debug|Any CPU.ActiveCfg = Debug|Any CPU
		{8EE05B02-F08A-4E8E-83EA-5C6048B91758}.Debug|Any CPU.Build.0 = Debug|Any CPU
		{8EE05B02-F08A-4E8E-83EA-5C6048B91758}.Release|Any CPU.ActiveCfg = Release|Any CPU
		{8EE05B02-F08A-4E8E-83EA-5C6048B91758}.Release|Any CPU.Build.0 = Release|Any CPU
	EndGlobalSection
	GlobalSection(SolutionProperties) = preSolution
		HideSolutionNode = FALSE
	EndGlobalSection
	GlobalSection(ExtensibilityGlobals) = postSolution
		SolutionGuid = {292C9BCF-D0EB-43E0-A273-7D3F98ED2B12}
	EndGlobalSection
EndGlobal
